
Microsoft Visual Studio Solution File, Format Version 12.00
# Visual Studio Version 17
VisualStudioVersion = 17.4.33403.182
MinimumVisualStudioVersion = 10.0.40219.1
Project("{FAE04EC0-301F-11D3-BF4B-00C04F79EFBC}") = "AreaCalculator", "AreaCalculator\AreaCalculator.csproj", "{F1241F75-508B-47C0-91D7-9A6743C13845}"
EndProject
Project("{FAE04EC0-301F-11D3-BF4B-00C04F79EFBC}") = "AreaCalculatorTests", "AreaCalculatorTests\AreaCalculatorTests.csproj", "{8A6D2228-1934-4A29-B4E3-B9CC2368E630}"
EndProject
Global
	GlobalSection(SolutionConfigurationPlatforms) = preSolution
		Debug|Any CPU = Debug|Any CPU
		Release|Any CPU = Release|Any CPU
	EndGlobalSection
	GlobalSection(ProjectConfigurationPlatforms) = postSolution
		{F1241F75-508B-47C0-91D7-9A6743C13845}.Debug|Any CPU.ActiveCfg = Debug|Any CPU
		{F1241F75-508B-47C0-91D7-9A6743C13845}.Debug|Any CPU.Build.0 = Debug|Any CPU
		{F1241F75-508B-47C0-91D7-9A6743C13845}.Release|Any CPU.ActiveCfg = Release|Any CPU
		{F1241F75-508B-47C0-91D7-9A6743C13845}.Release|Any CPU.Build.0 = Release|Any CPU
		{8A6D2228-1934-4A29-B4E3-B9CC2368E630}.Debug|Any CPU.ActiveCfg = Debug|Any CPU
		{8A6D2228-1934-4A29-B4E3-B9CC2368E630}.Debug|Any CPU.Build.0 = Debug|Any CPU
		{8A6D2228-1934-4A29-B4E3-B9CC2368E630}.Release|Any CPU.ActiveCfg = Release|Any CPU
		{8A6D2228-1934-4A29-B4E3-B9CC2368E630}.Release|Any CPU.Build.0 = Release|Any CPU
	EndGlobalSection
	GlobalSection(SolutionProperties) = preSolution
		HideSolutionNode = FALSE
	EndGlobalSection
	GlobalSection(ExtensibilityGlobals) = postSolution
		SolutionGuid = {92822D3F-8C3E-4740-B477-95208A47470C}
	EndGlobalSection
EndGlobal
